// !$*UTF8*$!
{
	archiveVersion = 1;
	classes = {
	};
	objectVersion = 55;
	objects = {

/* Begin PBXBuildFile section */
		EC7544A228CB6623006823C9 /* NewNoteViewController.swift in Sources */ = {isa = PBXBuildFile; fileRef = EC7544A128CB6623006823C9 /* NewNoteViewController.swift */; };
		ECB1899A28CA4AEE00AB3291 /* NoteModel.swift in Sources */ = {isa = PBXBuildFile; fileRef = ECB1899928CA4AEE00AB3291 /* NoteModel.swift */; };
		ECB5428128C136DD00707DC5 /* UIButton.swift in Sources */ = {isa = PBXBuildFile; fileRef = ECB5428028C136DD00707DC5 /* UIButton.swift */; };
		ECB5428328C137F300707DC5 /* SystemIcon.swift in Sources */ = {isa = PBXBuildFile; fileRef = ECB5428228C137F300707DC5 /* SystemIcon.swift */; };
		ECB5428828C1396000707DC5 /* UserModel.swift in Sources */ = {isa = PBXBuildFile; fileRef = ECB5428728C1396000707DC5 /* UserModel.swift */; };
		ECB5428C28C1440700707DC5 /* UITableView.swift in Sources */ = {isa = PBXBuildFile; fileRef = ECB5428B28C1440600707DC5 /* UITableView.swift */; };
		ECB5429028C1483100707DC5 /* UIView.swift in Sources */ = {isa = PBXBuildFile; fileRef = ECB5428F28C1483100707DC5 /* UIView.swift */; };
		ECB5429228C14C6E00707DC5 /* UILabel.swift in Sources */ = {isa = PBXBuildFile; fileRef = ECB5429128C14C6E00707DC5 /* UILabel.swift */; };
		ECB5429428C1EB9B00707DC5 /* UIViewController.swift in Sources */ = {isa = PBXBuildFile; fileRef = ECB5429328C1EB9B00707DC5 /* UIViewController.swift */; };
		ECB5429628C1FDEB00707DC5 /* MainTabBarController.swift in Sources */ = {isa = PBXBuildFile; fileRef = ECB5429528C1FDEA00707DC5 /* MainTabBarController.swift */; };
		ECB5429828C21C0D00707DC5 /* UIStackView.swift in Sources */ = {isa = PBXBuildFile; fileRef = ECB5429728C21C0D00707DC5 /* UIStackView.swift */; };
		ECB5429A28C21EBA00707DC5 /* TaskViewController.swift in Sources */ = {isa = PBXBuildFile; fileRef = ECB5429928C21EBA00707DC5 /* TaskViewController.swift */; };
		ECB5429C28C21EE500707DC5 /* SettingViewController.swift in Sources */ = {isa = PBXBuildFile; fileRef = ECB5429B28C21EE500707DC5 /* SettingViewController.swift */; };
		ECC8C6AF28C10EDF00945235 /* AppDelegate.swift in Sources */ = {isa = PBXBuildFile; fileRef = ECC8C6AE28C10EDF00945235 /* AppDelegate.swift */; };
		ECC8C6B128C10EDF00945235 /* SceneDelegate.swift in Sources */ = {isa = PBXBuildFile; fileRef = ECC8C6B028C10EDF00945235 /* SceneDelegate.swift */; };
		ECC8C6B328C10EDF00945235 /* NoteViewController.swift in Sources */ = {isa = PBXBuildFile; fileRef = ECC8C6B228C10EDF00945235 /* NoteViewController.swift */; };
		ECC8C6B828C10EE100945235 /* Assets.xcassets in Resources */ = {isa = PBXBuildFile; fileRef = ECC8C6B728C10EE100945235 /* Assets.xcassets */; };
		ECC8C6BB28C10EE100945235 /* LaunchScreen.storyboard in Resources */ = {isa = PBXBuildFile; fileRef = ECC8C6B928C10EE100945235 /* LaunchScreen.storyboard */; };
		ECC8C6C428C1105000945235 /* ColorSetup.swift in Sources */ = {isa = PBXBuildFile; fileRef = ECC8C6C328C1105000945235 /* ColorSetup.swift */; };
		ECC8C6C628C1109D00945235 /* HexColor.swift in Sources */ = {isa = PBXBuildFile; fileRef = ECC8C6C528C1109D00945235 /* HexColor.swift */; };
		ECC8C6CD28C1136300945235 /* NavSetup.swift in Sources */ = {isa = PBXBuildFile; fileRef = ECC8C6CC28C1136300945235 /* NavSetup.swift */; };
/* End PBXBuildFile section */

/* Begin PBXFileReference section */
		EC7544A128CB6623006823C9 /* NewNoteViewController.swift */ = {isa = PBXFileReference; lastKnownFileType = sourcecode.swift; path = NewNoteViewController.swift; sourceTree = "<group>"; };
		ECB1899928CA4AEE00AB3291 /* NoteModel.swift */ = {isa = PBXFileReference; lastKnownFileType = sourcecode.swift; path = NoteModel.swift; sourceTree = "<group>"; };
		ECB5428028C136DD00707DC5 /* UIButton.swift */ = {isa = PBXFileReference; lastKnownFileType = sourcecode.swift; path = UIButton.swift; sourceTree = "<group>"; };
		ECB5428228C137F300707DC5 /* SystemIcon.swift */ = {isa = PBXFileReference; lastKnownFileType = sourcecode.swift; path = SystemIcon.swift; sourceTree = "<group>"; };
		ECB5428728C1396000707DC5 /* UserModel.swift */ = {isa = PBXFileReference; lastKnownFileType = sourcecode.swift; path = UserModel.swift; sourceTree = "<group>"; };
		ECB5428B28C1440600707DC5 /* UITableView.swift */ = {isa = PBXFileReference; lastKnownFileType = sourcecode.swift; path = UITableView.swift; sourceTree = "<group>"; };
		ECB5428F28C1483100707DC5 /* UIView.swift */ = {isa = PBXFileReference; lastKnownFileType = sourcecode.swift; path = UIView.swift; sourceTree = "<group>"; };
		ECB5429128C14C6E00707DC5 /* UILabel.swift */ = {isa = PBXFileReference; lastKnownFileType = sourcecode.swift; path = UILabel.swift; sourceTree = "<group>"; };
		ECB5429328C1EB9B00707DC5 /* UIViewController.swift */ = {isa = PBXFileReference; lastKnownFileType = sourcecode.swift; path = UIViewController.swift; sourceTree = "<group>"; };
		ECB5429528C1FDEA00707DC5 /* MainTabBarController.swift */ = {isa = PBXFileReference; lastKnownFileType = sourcecode.swift; path = MainTabBarController.swift; sourceTree = "<group>"; };
		ECB5429728C21C0D00707DC5 /* UIStackView.swift */ = {isa = PBXFileReference; lastKnownFileType = sourcecode.swift; path = UIStackView.swift; sourceTree = "<group>"; };
		ECB5429928C21EBA00707DC5 /* TaskViewController.swift */ = {isa = PBXFileReference; lastKnownFileType = sourcecode.swift; path = TaskViewController.swift; sourceTree = "<group>"; };
		ECB5429B28C21EE500707DC5 /* SettingViewController.swift */ = {isa = PBXFileReference; lastKnownFileType = sourcecode.swift; path = SettingViewController.swift; sourceTree = "<group>"; };
		ECC8C6AB28C10EDF00945235 /* Assistant.app */ = {isa = PBXFileReference; explicitFileType = wrapper.application; includeInIndex = 0; path = Assistant.app; sourceTree = BUILT_PRODUCTS_DIR; };
		ECC8C6AE28C10EDF00945235 /* AppDelegate.swift */ = {isa = PBXFileReference; lastKnownFileType = sourcecode.swift; path = AppDelegate.swift; sourceTree = "<group>"; };
		ECC8C6B028C10EDF00945235 /* SceneDelegate.swift */ = {isa = PBXFileReference; lastKnownFileType = sourcecode.swift; path = SceneDelegate.swift; sourceTree = "<group>"; };
		ECC8C6B228C10EDF00945235 /* NoteViewController.swift */ = {isa = PBXFileReference; lastKnownFileType = sourcecode.swift; path = NoteViewController.swift; sourceTree = "<group>"; };
		ECC8C6B728C10EE100945235 /* Assets.xcassets */ = {isa = PBXFileReference; lastKnownFileType = folder.assetcatalog; path = Assets.xcassets; sourceTree = "<group>"; };
		ECC8C6BA28C10EE100945235 /* Base */ = {isa = PBXFileReference; lastKnownFileType = file.storyboard; name = Base; path = Base.lproj/LaunchScreen.storyboard; sourceTree = "<group>"; };
		ECC8C6BC28C10EE100945235 /* Info.plist */ = {isa = PBXFileReference; lastKnownFileType = text.plist.xml; path = Info.plist; sourceTree = "<group>"; };
		ECC8C6C328C1105000945235 /* ColorSetup.swift */ = {isa = PBXFileReference; lastKnownFileType = sourcecode.swift; path = ColorSetup.swift; sourceTree = "<group>"; };
		ECC8C6C528C1109D00945235 /* HexColor.swift */ = {isa = PBXFileReference; lastKnownFileType = sourcecode.swift; path = HexColor.swift; sourceTree = "<group>"; };
		ECC8C6CC28C1136300945235 /* NavSetup.swift */ = {isa = PBXFileReference; lastKnownFileType = sourcecode.swift; path = NavSetup.swift; sourceTree = "<group>"; };
/* End PBXFileReference section */

/* Begin PBXFrameworksBuildPhase section */
		ECC8C6A828C10EDF00945235 /* Frameworks */ = {
			isa = PBXFrameworksBuildPhase;
			buildActionMask = 2147483647;
			files = (
			);
			runOnlyForDeploymentPostprocessing = 0;
		};
/* End PBXFrameworksBuildPhase section */

/* Begin PBXGroup section */
		ECB5427F28C136D300707DC5 /* UIKit */ = {
			isa = PBXGroup;
			children = (
				ECB5428028C136DD00707DC5 /* UIButton.swift */,
				ECB5428B28C1440600707DC5 /* UITableView.swift */,
				ECB5428F28C1483100707DC5 /* UIView.swift */,
				ECB5429128C14C6E00707DC5 /* UILabel.swift */,
				ECB5429328C1EB9B00707DC5 /* UIViewController.swift */,
				ECB5429728C21C0D00707DC5 /* UIStackView.swift */,
			);
			path = UIKit;
			sourceTree = "<group>";
		};
		ECB5428628C1395800707DC5 /* Model */ = {
			isa = PBXGroup;
			children = (
				ECB5428728C1396000707DC5 /* UserModel.swift */,
				ECB1899928CA4AEE00AB3291 /* NoteModel.swift */,
			);
			path = Model;
			sourceTree = "<group>";
		};
		ECB5429D28C223C500707DC5 /* Note */ = {
			isa = PBXGroup;
			children = (
				ECC8C6B228C10EDF00945235 /* NoteViewController.swift */,
				EC7544A128CB6623006823C9 /* NewNoteViewController.swift */,
			);
			path = Note;
			sourceTree = "<group>";
		};
		ECB5429E28C223CF00707DC5 /* Task */ = {
			isa = PBXGroup;
			children = (
				ECB5429928C21EBA00707DC5 /* TaskViewController.swift */,
			);
			path = Task;
			sourceTree = "<group>";
		};
		ECB5429F28C223D600707DC5 /* Setting */ = {
			isa = PBXGroup;
			children = (
				ECB5429B28C21EE500707DC5 /* SettingViewController.swift */,
			);
			path = Setting;
			sourceTree = "<group>";
		};
		ECC8C6A228C10EDF00945235 = {
			isa = PBXGroup;
			children = (
				ECC8C6AD28C10EDF00945235 /* Assistant */,
				ECC8C6AC28C10EDF00945235 /* Products */,
			);
			sourceTree = "<group>";
		};
		ECC8C6AC28C10EDF00945235 /* Products */ = {
			isa = PBXGroup;
			children = (
				ECC8C6AB28C10EDF00945235 /* Assistant.app */,
			);
			name = Products;
			sourceTree = "<group>";
		};
		ECC8C6AD28C10EDF00945235 /* Assistant */ = {
			isa = PBXGroup;
			children = (
				ECB5428628C1395800707DC5 /* Model */,
				ECC8C6C828C1128A00945235 /* Application */,
				ECC8C6C928C1129900945235 /* View */,
				ECC8C6C228C1103600945235 /* Extension */,
				ECC8C6CB28C112C500945235 /* Resource */,
			);
			path = Assistant;
			sourceTree = "<group>";
		};
		ECC8C6C228C1103600945235 /* Extension */ = {
			isa = PBXGroup;
			children = (
				ECB5427F28C136D300707DC5 /* UIKit */,
				ECC8C6C728C1123400945235 /* Supporting */,
				ECC8C6C328C1105000945235 /* ColorSetup.swift */,
				ECB5428228C137F300707DC5 /* SystemIcon.swift */,
			);
			path = Extension;
			sourceTree = "<group>";
		};
		ECC8C6C728C1123400945235 /* Supporting */ = {
			isa = PBXGroup;
			children = (
				ECC8C6C528C1109D00945235 /* HexColor.swift */,
				ECC8C6CC28C1136300945235 /* NavSetup.swift */,
			);
			path = Supporting;
			sourceTree = "<group>";
		};
		ECC8C6C828C1128A00945235 /* Application */ = {
			isa = PBXGroup;
			children = (
				ECC8C6AE28C10EDF00945235 /* AppDelegate.swift */,
				ECC8C6B028C10EDF00945235 /* SceneDelegate.swift */,
			);
			path = Application;
			sourceTree = "<group>";
		};
		ECC8C6C928C1129900945235 /* View */ = {
			isa = PBXGroup;
			children = (
				ECC8C6B928C10EE100945235 /* LaunchScreen.storyboard */,
				ECB5429528C1FDEA00707DC5 /* MainTabBarController.swift */,
				ECB5429D28C223C500707DC5 /* Note */,
				ECB5429E28C223CF00707DC5 /* Task */,
				ECB5429F28C223D600707DC5 /* Setting */,
			);
			path = View;
			sourceTree = "<group>";
		};
		ECC8C6CB28C112C500945235 /* Resource */ = {
			isa = PBXGroup;
			children = (
				ECC8C6B728C10EE100945235 /* Assets.xcassets */,
				ECC8C6BC28C10EE100945235 /* Info.plist */,
			);
			path = Resource;
			sourceTree = "<group>";
		};
/* End PBXGroup section */

/* Begin PBXNativeTarget section */
		ECC8C6AA28C10EDF00945235 /* Assistant */ = {
			isa = PBXNativeTarget;
			buildConfigurationList = ECC8C6BF28C10EE100945235 /* Build configuration list for PBXNativeTarget "Assistant" */;
			buildPhases = (
				ECC8C6A728C10EDF00945235 /* Sources */,
				ECC8C6A828C10EDF00945235 /* Frameworks */,
				ECC8C6A928C10EDF00945235 /* Resources */,
			);
			buildRules = (
			);
			dependencies = (
			);
			name = Assistant;
			productName = Assistant;
			productReference = ECC8C6AB28C10EDF00945235 /* Assistant.app */;
			productType = "com.apple.product-type.application";
		};
/* End PBXNativeTarget section */

/* Begin PBXProject section */
		ECC8C6A328C10EDF00945235 /* Project object */ = {
			isa = PBXProject;
			attributes = {
				BuildIndependentTargetsInParallel = 1;
				LastSwiftUpdateCheck = 1340;
				LastUpgradeCheck = 1340;
				TargetAttributes = {
					ECC8C6AA28C10EDF00945235 = {
						CreatedOnToolsVersion = 13.4.1;
					};
				};
			};
			buildConfigurationList = ECC8C6A628C10EDF00945235 /* Build configuration list for PBXProject "Assistant" */;
			compatibilityVersion = "Xcode 13.0";
			developmentRegion = en;
			hasScannedForEncodings = 0;
			knownRegions = (
				en,
				Base,
			);
			mainGroup = ECC8C6A228C10EDF00945235;
			productRefGroup = ECC8C6AC28C10EDF00945235 /* Products */;
			projectDirPath = "";
			projectRoot = "";
			targets = (
				ECC8C6AA28C10EDF00945235 /* Assistant */,
			);
		};
/* End PBXProject section */

/* Begin PBXResourcesBuildPhase section */
		ECC8C6A928C10EDF00945235 /* Resources */ = {
			isa = PBXResourcesBuildPhase;
			buildActionMask = 2147483647;
			files = (
				ECC8C6BB28C10EE100945235 /* LaunchScreen.storyboard in Resources */,
				ECC8C6B828C10EE100945235 /* Assets.xcassets in Resources */,
			);
			runOnlyForDeploymentPostprocessing = 0;
		};
/* End PBXResourcesBuildPhase section */

/* Begin PBXSourcesBuildPhase section */
		ECC8C6A728C10EDF00945235 /* Sources */ = {
			isa = PBXSourcesBuildPhase;
			buildActionMask = 2147483647;
			files = (
				ECB5429028C1483100707DC5 /* UIView.swift in Sources */,
				ECC8C6B328C10EDF00945235 /* NoteViewController.swift in Sources */,
				ECB5429628C1FDEB00707DC5 /* MainTabBarController.swift in Sources */,
				ECB5429228C14C6E00707DC5 /* UILabel.swift in Sources */,
				ECC8C6CD28C1136300945235 /* NavSetup.swift in Sources */,
				ECB5429C28C21EE500707DC5 /* SettingViewController.swift in Sources */,
				ECC8C6AF28C10EDF00945235 /* AppDelegate.swift in Sources */,
				ECC8C6C628C1109D00945235 /* HexColor.swift in Sources */,
				ECB1899A28CA4AEE00AB3291 /* NoteModel.swift in Sources */,
				ECB5428128C136DD00707DC5 /* UIButton.swift in Sources */,
				ECB5428328C137F300707DC5 /* SystemIcon.swift in Sources */,
				EC7544A228CB6623006823C9 /* NewNoteViewController.swift in Sources */,
				ECB5428C28C1440700707DC5 /* UITableView.swift in Sources */,
				ECB5429828C21C0D00707DC5 /* UIStackView.swift in Sources */,
				ECC8C6B128C10EDF00945235 /* SceneDelegate.swift in Sources */,
				ECB5428828C1396000707DC5 /* UserModel.swift in Sources */,
				ECB5429A28C21EBA00707DC5 /* TaskViewController.swift in Sources */,
				ECC8C6C428C1105000945235 /* ColorSetup.swift in Sources */,
				ECB5429428C1EB9B00707DC5 /* UIViewController.swift in Sources */,
			);
			runOnlyForDeploymentPostprocessing = 0;
		};
/* End PBXSourcesBuildPhase section */

/* Begin PBXVariantGroup section */
		ECC8C6B928C10EE100945235 /* LaunchScreen.storyboard */ = {
			isa = PBXVariantGroup;
			children = (
				ECC8C6BA28C10EE100945235 /* Base */,
			);
			name = LaunchScreen.storyboard;
			sourceTree = "<group>";
		};
/* End PBXVariantGroup section */

/* Begin XCBuildConfiguration section */
		ECC8C6BD28C10EE100945235 /* Debug */ = {
			isa = XCBuildConfiguration;
			buildSettings = {
				ALWAYS_SEARCH_USER_PATHS = NO;
				CLANG_ANALYZER_NONNULL = YES;
				CLANG_ANALYZER_NUMBER_OBJECT_CONVERSION = YES_AGGRESSIVE;
				CLANG_CXX_LANGUAGE_STANDARD = "gnu++17";
				CLANG_ENABLE_MODULES = YES;
				CLANG_ENABLE_OBJC_ARC = YES;
				CLANG_ENABLE_OBJC_WEAK = YES;
				CLANG_WARN_BLOCK_CAPTURE_AUTORELEASING = YES;
				CLANG_WARN_BOOL_CONVERSION = YES;
				CLANG_WARN_COMMA = YES;
				CLANG_WARN_CONSTANT_CONVERSION = YES;
				CLANG_WARN_DEPRECATED_OBJC_IMPLEMENTATIONS = YES;
				CLANG_WARN_DIRECT_OBJC_ISA_USAGE = YES_ERROR;
				CLANG_WARN_DOCUMENTATION_COMMENTS = YES;
				CLANG_WARN_EMPTY_BODY = YES;
				CLANG_WARN_ENUM_CONVERSION = YES;
				CLANG_WARN_INFINITE_RECURSION = YES;
				CLANG_WARN_INT_CONVERSION = YES;
				CLANG_WARN_NON_LITERAL_NULL_CONVERSION = YES;
				CLANG_WARN_OBJC_IMPLICIT_RETAIN_SELF = YES;
				CLANG_WARN_OBJC_LITERAL_CONVERSION = YES;
				CLANG_WARN_OBJC_ROOT_CLASS = YES_ERROR;
				CLANG_WARN_QUOTED_INCLUDE_IN_FRAMEWORK_HEADER = YES;
				CLANG_WARN_RANGE_LOOP_ANALYSIS = YES;
				CLANG_WARN_STRICT_PROTOTYPES = YES;
				CLANG_WARN_SUSPICIOUS_MOVE = YES;
				CLANG_WARN_UNGUARDED_AVAILABILITY = YES_AGGRESSIVE;
				CLANG_WARN_UNREACHABLE_CODE = YES;
				CLANG_WARN__DUPLICATE_METHOD_MATCH = YES;
				COPY_PHASE_STRIP = NO;
				DEBUG_INFORMATION_FORMAT = dwarf;
				ENABLE_STRICT_OBJC_MSGSEND = YES;
				ENABLE_TESTABILITY = YES;
				GCC_C_LANGUAGE_STANDARD = gnu11;
				GCC_DYNAMIC_NO_PIC = NO;
				GCC_NO_COMMON_BLOCKS = YES;
				GCC_OPTIMIZATION_LEVEL = 0;
				GCC_PREPROCESSOR_DEFINITIONS = (
					"DEBUG=1",
					"$(inherited)",
				);
				GCC_WARN_64_TO_32_BIT_CONVERSION = YES;
				GCC_WARN_ABOUT_RETURN_TYPE = YES_ERROR;
				GCC_WARN_UNDECLARED_SELECTOR = YES;
				GCC_WARN_UNINITIALIZED_AUTOS = YES_AGGRESSIVE;
				GCC_WARN_UNUSED_FUNCTION = YES;
				GCC_WARN_UNUSED_VARIABLE = YES;
				IPHONEOS_DEPLOYMENT_TARGET = 15.5;
				MTL_ENABLE_DEBUG_INFO = INCLUDE_SOURCE;
				MTL_FAST_MATH = YES;
				ONLY_ACTIVE_ARCH = YES;
				SDKROOT = iphoneos;
				SWIFT_ACTIVE_COMPILATION_CONDITIONS = DEBUG;
				SWIFT_OPTIMIZATION_LEVEL = "-Onone";
			};
			name = Debug;
		};
		ECC8C6BE28C10EE100945235 /* Release */ = {
			isa = XCBuildConfiguration;
			buildSettings = {
				ALWAYS_SEARCH_USER_PATHS = NO;
				CLANG_ANALYZER_NONNULL = YES;
				CLANG_ANALYZER_NUMBER_OBJECT_CONVERSION = YES_AGGRESSIVE;
				CLANG_CXX_LANGUAGE_STANDARD = "gnu++17";
				CLANG_ENABLE_MODULES = YES;
				CLANG_ENABLE_OBJC_ARC = YES;
				CLANG_ENABLE_OBJC_WEAK = YES;
				CLANG_WARN_BLOCK_CAPTURE_AUTORELEASING = YES;
				CLANG_WARN_BOOL_CONVERSION = YES;
				CLANG_WARN_COMMA = YES;
				CLANG_WARN_CONSTANT_CONVERSION = YES;
				CLANG_WARN_DEPRECATED_OBJC_IMPLEMENTATIONS = YES;
				CLANG_WARN_DIRECT_OBJC_ISA_USAGE = YES_ERROR;
				CLANG_WARN_DOCUMENTATION_COMMENTS = YES;
				CLANG_WARN_EMPTY_BODY = YES;
				CLANG_WARN_ENUM_CONVERSION = YES;
				CLANG_WARN_INFINITE_RECURSION = YES;
				CLANG_WARN_INT_CONVERSION = YES;
				CLANG_WARN_NON_LITERAL_NULL_CONVERSION = YES;
				CLANG_WARN_OBJC_IMPLICIT_RETAIN_SELF = YES;
				CLANG_WARN_OBJC_LITERAL_CONVERSION = YES;
				CLANG_WARN_OBJC_ROOT_CLASS = YES_ERROR;
				CLANG_WARN_QUOTED_INCLUDE_IN_FRAMEWORK_HEADER = YES;
				CLANG_WARN_RANGE_LOOP_ANALYSIS = YES;
				CLANG_WARN_STRICT_PROTOTYPES = YES;
				CLANG_WARN_SUSPICIOUS_MOVE = YES;
				CLANG_WARN_UNGUARDED_AVAILABILITY = YES_AGGRESSIVE;
				CLANG_WARN_UNREACHABLE_CODE = YES;
				CLANG_WARN__DUPLICATE_METHOD_MATCH = YES;
				COPY_PHASE_STRIP = NO;
				DEBUG_INFORMATION_FORMAT = "dwarf-with-dsym";
				ENABLE_NS_ASSERTIONS = NO;
				ENABLE_STRICT_OBJC_MSGSEND = YES;
				GCC_C_LANGUAGE_STANDARD = gnu11;
				GCC_NO_COMMON_BLOCKS = YES;
				GCC_WARN_64_TO_32_BIT_CONVERSION = YES;
				GCC_WARN_ABOUT_RETURN_TYPE = YES_ERROR;
				GCC_WARN_UNDECLARED_SELECTOR = YES;
				GCC_WARN_UNINITIALIZED_AUTOS = YES_AGGRESSIVE;
				GCC_WARN_UNUSED_FUNCTION = YES;
				GCC_WARN_UNUSED_VARIABLE = YES;
				IPHONEOS_DEPLOYMENT_TARGET = 15.5;
				MTL_ENABLE_DEBUG_INFO = NO;
				MTL_FAST_MATH = YES;
				SDKROOT = iphoneos;
				SWIFT_COMPILATION_MODE = wholemodule;
				SWIFT_OPTIMIZATION_LEVEL = "-O";
				VALIDATE_PRODUCT = YES;
			};
			name = Release;
		};
		ECC8C6C028C10EE100945235 /* Debug */ = {
			isa = XCBuildConfiguration;
			buildSettings = {
				ASSETCATALOG_COMPILER_APPICON_NAME = AppIcon;
				ASSETCATALOG_COMPILER_GLOBAL_ACCENT_COLOR_NAME = AccentColor;
				CODE_SIGN_STYLE = Automatic;
				CURRENT_PROJECT_VERSION = 1;
				DEVELOPMENT_TEAM = 66STM82H6X;
				GENERATE_INFOPLIST_FILE = YES;
				INFOPLIST_FILE = Assistant/Resource/Info.plist;
				INFOPLIST_KEY_CFBundleDisplayName = Assistant;
				INFOPLIST_KEY_UIApplicationSupportsIndirectInputEvents = YES;
				INFOPLIST_KEY_UILaunchStoryboardName = LaunchScreen;
				INFOPLIST_KEY_UIStatusBarHidden = NO;
				INFOPLIST_KEY_UISupportedInterfaceOrientations = "UIInterfaceOrientationPortrait UIInterfaceOrientationLandscapeLeft";
				INFOPLIST_KEY_UISupportedInterfaceOrientations_iPad = "UIInterfaceOrientationPortrait UIInterfaceOrientationPortraitUpsideDown UIInterfaceOrientationLandscapeLeft UIInterfaceOrientationLandscapeRight";
				INFOPLIST_KEY_UISupportedInterfaceOrientations_iPhone = "UIInterfaceOrientationPortrait UIInterfaceOrientationLandscapeLeft UIInterfaceOrientationLandscapeRight";
				LD_RUNPATH_SEARCH_PATHS = (
					"$(inherited)",
					"@executable_path/Frameworks",
				);
				MARKETING_VERSION = 1.0;
				PRODUCT_BUNDLE_IDENTIFIER = com.dev.botalov.Assistant;
				PRODUCT_NAME = "$(TARGET_NAME)";
				SWIFT_EMIT_LOC_STRINGS = YES;
				SWIFT_VERSION = 5.0;
				TARGETED_DEVICE_FAMILY = 1;
			};
			name = Debug;
		};
		ECC8C6C128C10EE100945235 /* Release */ = {
			isa = XCBuildConfiguration;
			buildSettings = {
				ASSETCATALOG_COMPILER_APPICON_NAME = AppIcon;
				ASSETCATALOG_COMPILER_GLOBAL_ACCENT_COLOR_NAME = AccentColor;
				CODE_SIGN_STYLE = Automatic;
				CURRENT_PROJECT_VERSION = 1;
				DEVELOPMENT_TEAM = 66STM82H6X;
				GENERATE_INFOPLIST_FILE = YES;
				INFOPLIST_FILE = Assistant/Resource/Info.plist;
				INFOPLIST_KEY_CFBundleDisplayName = Assistant;
				INFOPLIST_KEY_UIApplicationSupportsIndirectInputEvents = YES;
				INFOPLIST_KEY_UILaunchStoryboardName = LaunchScreen;
				INFOPLIST_KEY_UIStatusBarHidden = NO;
				INFOPLIST_KEY_UISupportedInterfaceOrientations = "UIInterfaceOrientationPortrait UIInterfaceOrientationLandscapeLeft";
				INFOPLIST_KEY_UISupportedInterfaceOrientations_iPad = "UIInterfaceOrientationPortrait UIInterfaceOrientationPortraitUpsideDown UIInterfaceOrientationLandscapeLeft UIInterfaceOrientationLandscapeRight";
				INFOPLIST_KEY_UISupportedInterfaceOrientations_iPhone = "UIInterfaceOrientationPortrait UIInterfaceOrientationLandscapeLeft UIInterfaceOrientationLandscapeRight";
				LD_RUNPATH_SEARCH_PATHS = (
					"$(inherited)",
					"@executable_path/Frameworks",
				);
				MARKETING_VERSION = 1.0;
				PRODUCT_BUNDLE_IDENTIFIER = com.dev.botalov.Assistant;
				PRODUCT_NAME = "$(TARGET_NAME)";
				SWIFT_EMIT_LOC_STRINGS = YES;
				SWIFT_VERSION = 5.0;
				TARGETED_DEVICE_FAMILY = 1;
			};
			name = Release;
		};
/* End XCBuildConfiguration section */

/* Begin XCConfigurationList section */
		ECC8C6A628C10EDF00945235 /* Build configuration list for PBXProject "Assistant" */ = {
			isa = XCConfigurationList;
			buildConfigurations = (
				ECC8C6BD28C10EE100945235 /* Debug */,
				ECC8C6BE28C10EE100945235 /* Release */,
			);
			defaultConfigurationIsVisible = 0;
			defaultConfigurationName = Release;
		};
		ECC8C6BF28C10EE100945235 /* Build configuration list for PBXNativeTarget "Assistant" */ = {
			isa = XCConfigurationList;
			buildConfigurations = (
				ECC8C6C028C10EE100945235 /* Debug */,
				ECC8C6C128C10EE100945235 /* Release */,
			);
			defaultConfigurationIsVisible = 0;
			defaultConfigurationName = Release;
		};
/* End XCConfigurationList section */
	};
	rootObject = ECC8C6A328C10EDF00945235 /* Project object */;
}
